PODS:
  - AcknowList (1.9)
  - AppDelegateComponent (1.0.1)
  - Dequeueable (0.1.0)
  - DropdownTitleView (0.1.0)
  - DTCoreText (1.6.21):
    - DTCoreText/Core (= 1.6.21)
    - DTFoundation/Core (~> 1.7.5)
    - DTFoundation/DTAnimatedGIF (~> 1.7.5)
    - DTFoundation/DTHTMLParser (~> 1.7.5)
    - DTFoundation/UIKit (~> 1.7.5)
  - DTCoreText/Core (1.6.21):
    - DTFoundation/Core (~> 1.7.5)
    - DTFoundation/DTAnimatedGIF (~> 1.7.5)
    - DTFoundation/DTHTMLParser (~> 1.7.5)
    - DTFoundation/UIKit (~> 1.7.5)
  - DTFoundation/Core (1.7.13)
  - DTFoundation/DTAnimatedGIF (1.7.13)
  - DTFoundation/DTHTMLParser (1.7.13):
    - DTFoundation/Core
  - DTFoundation/UIKit (1.7.13):
    - DTFoundation/Core
  - ImageViewer (5.0.0)
  - Kanna (5.0.0)
  - SwiftGen (6.1.0)
  - SwiftLint (0.32.0)
  - wpxmlrpc (0.8.4)

DEPENDENCIES:
  - AcknowList
  - AppDelegateComponent
  - Dequeueable
  - DropdownTitleView
  - DTCoreText
  - ImageViewer (from `https://github.com/hartlco/ImageViewer.git`, branch `master`)
  - Kanna
  - SwiftGen
  - SwiftLint
  - wpxmlrpc

SPEC REPOS:
  https://github.com/cocoapods/specs.git:
    - AcknowList
    - AppDelegateComponent
    - Dequeueable
    - DropdownTitleView
    - DTCoreText
    - DTFoundation
    - Kanna
    - SwiftGen
    - SwiftLint
    - wpxmlrpc

EXTERNAL SOURCES:
  ImageViewer:
    :branch: master
    :git: https://github.com/hartlco/ImageViewer.git

CHECKOUT OPTIONS:
  ImageViewer:
    :commit: d9ec56f76dce1f9bd998bcdba782d6a071c7d620
    :git: https://github.com/hartlco/ImageViewer.git

SPEC CHECKSUMS:
  AcknowList: 06fde3319971dfd517ea1b1c194d78eb8cd774a2
  AppDelegateComponent: b462d799a3e3de605dc194966f41bc332ce1537d
  Dequeueable: 9ae3656cfa523e4963fa4b53b118b5df1dbb11c8
  DropdownTitleView: e02e559243efb248dd0e8a50665b0acc5f6f2413
  DTCoreText: e5d688cffc9f6a61eddd1a4f94e2046851230de3
  DTFoundation: f03be9fd786f11e505bb8fc44e2a3732bf0917df
  ImageViewer: 997018c2f4f7f9830602349bbcc3b2b776424942
  Kanna: a32875df62975f8f4b871e933b4ea1a5c3b8be0f
  SwiftGen: f872ca75cbd17bf7103c17f13dcfa0d9a15667b0
  SwiftLint: 009a898ef2a1c851f45e1b59349bf6ff2ddc990d
  wpxmlrpc: 6ba55c773cfa27083ae4a2173e69b19f46da98e2

PODFILE CHECKSUM: 9be7fc60f065e939f9095427d635befd91f1b0bf

COCOAPODS: 1.7.1
