{
  "object": {
    "pins": [
      {
        "package": "Alamofire",
        "repositoryURL": "https://github.com/Alamofire/Alamofire.git",
        "state": {
          "branch": null,
          "revision": "75bba56748359f297a83f620d45f72cf4ebee4e7",
          "version": "4.8.2"
        }
      },
      {
        "package": "AppDelegateComponent",
        "repositoryURL": "https://github.com/hartlco/AppDelegateComponent",
        "state": {
          "branch": "master",
          "revision": "5b251cc38a3430c24074bb47aab1cb9e4dd59664",
          "version": null
        }
      },
      {
        "package": "KeychainAccess",
        "repositoryURL": "https://github.com/hartlco/KeychainAccess",
        "state": {
          "branch": "master",
          "revision": "8dbcaab61ad9017ef99a33a368ba63960cd5d034",
          "version": null
        }
      },
      {
        "package": "Kingfisher",
        "repositoryURL": "https://github.com/onevcat/Kingfisher/",
        "state": {
          "branch": "xcode11",
          "revision": "80c0f2c4209047b5d6c4ebfdfbb18e806904046f",
          "version": null
        }
      },
      {
        "package": "TypedSymbols",
        "repositoryURL": "https://github.com/hartlco/TypedSymbols",
        "state": {
          "branch": "master",
          "revision": "375d8437496812a8a2c0155b36117b8fd9d23adb",
          "version": null
        }
      }
    ]
  },
  "version": 1
}
