<?xml version="1.0" encoding="UTF-8"?>
<Scheme
   LastUpgradeVersion = "1000"
   version = "1.3">
   <BuildAction
      parallelizeBuildables = "YES"
      buildImplicitDependencies = "YES">
      <BuildActionEntries>
         <BuildActionEntry
            buildForTesting = "YES"
            buildForRunning = "YES"
            buildForProfiling = "YES"
            buildForArchiving = "YES"
            buildForAnalyzing = "YES">
            <BuildableReference
               BuildableIdentifier = "primary"
               BlueprintIdentifier = "C5FA2ABF1EB4482C006DEB40"
               BuildableName = "Icro.app"
               BlueprintName = "Icro"
               ReferencedContainer = "container:Icro.xcodeproj">
            </BuildableReference>
         </BuildActionEntry>
      </BuildActionEntries>
   </BuildAction>
   <TestAction
      buildConfiguration = "Debug"
      selectedDebuggerIdentifier = "Xcode.DebuggerFoundation.Debugger.LLDB"
      selectedLauncherIdentifier = "Xcode.DebuggerFoundation.Launcher.LLDB"
      shouldUseLaunchSchemeArgsEnv = "YES">
      <Testables>
         <TestableReference
            skipped = "NO">
            <BuildableReference
               BuildableIdentifier = "primary"
               BlueprintIdentifier = "5B5837342128B04A0076121E"
               BuildableName = "IcroTests.xctest"
               BlueprintName = "IcroTests"
               ReferencedContainer = "container:Icro.xcodeproj">
            </BuildableReference>
         </TestableReference>
      </Testables>
      <MacroExpansion>
         <BuildableReference
            BuildableIdentifier = "primary"
            BlueprintIdentifier = "C5FA2ABF1EB4482C006DEB40"
            BuildableName = "Icro.app"
            BlueprintName = "Icro"
            ReferencedContainer = "container:Icro.xcodeproj">
         </BuildableReference>
      </MacroExpansion>
      <AdditionalOptions>
      </AdditionalOptions>
   </TestAction>
   <LaunchAction
      buildConfiguration = "Debug"
      selectedDebuggerIdentifier = "Xcode.DebuggerFoundation.Debugger.LLDB"
      selectedLauncherIdentifier = "Xcode.DebuggerFoundation.Launcher.LLDB"
      launchStyle = "0"
      useCustomWorkingDirectory = "NO"
      ignoresPersistentStateOnLaunch = "NO"
      debugDocumentVersioning = "YES"
      debugServiceExtension = "internal"
      allowLocationSimulation = "YES">
      <BuildableProductRunnable
         runnableDebuggingMode = "0">
         <BuildableReference
            BuildableIdentifier = "primary"
            BlueprintIdentifier = "C5FA2ABF1EB4482C006DEB40"
            BuildableName = "Icro.app"
            BlueprintName = "Icro"
            ReferencedContainer = "container:Icro.xcodeproj">
         </BuildableReference>
      </BuildableProductRunnable>
      <AdditionalOptions>
      </AdditionalOptions>
   </LaunchAction>
   <ProfileAction
      buildConfiguration = "Release"
      shouldUseLaunchSchemeArgsEnv = "YES"
      savedToolIdentifier = ""
      useCustomWorkingDirectory = "NO"
      debugDocumentVersioning = "YES">
      <BuildableProductRunnable
         runnableDebuggingMode = "0">
         <BuildableReference
            BuildableIdentifier = "primary"
            BlueprintIdentifier = "C5FA2ABF1EB4482C006DEB40"
            BuildableName = "Icro.app"
            BlueprintName = "Icro"
            ReferencedContainer = "container:Icro.xcodeproj">
         </BuildableReference>
      </BuildableProductRunnable>
   </ProfileAction>
   <AnalyzeAction
      buildConfiguration = "Debug">
   </AnalyzeAction>
   <ArchiveAction
      buildConfiguration = "Release"
      revealArchiveInOrganizer = "YES">
      <PreActions>
         <ExecutionAction
            ActionType = "Xcode.IDEStandardExecutionActionsCore.ExecutionActionType.ShellScriptAction">
            <ActionContent
               title = "Run Script"
               scriptText = "# Type echo &quot;Bumping build number...&quot;&#10;plist=${PROJECT_DIR}/${INFOPLIST_FILE}&#10;&#10;# increment the build number (ie 115 to 116)&#10;buildnum=$(/usr/libexec/PlistBuddy -c &quot;Print CFBundleVersion&quot; &quot;${plist}&quot;)&#10;if [[ &quot;${buildnum}&quot; == &quot;&quot; ]]; then&#10;echo &quot;No build number in $plist&quot;&#10;exit 2&#10;fi&#10;&#10;buildnum=$(expr $buildnum + 1)&#10;/usr/libexec/Plistbuddy -c &quot;Set CFBundleVersion $buildnum&quot; &quot;${plist}&quot;&#10;echo &quot;Bumped build number to $buildnum&quot;a script or drag a script file from your workspace to insert its path.&#10;">
            </ActionContent>
         </ExecutionAction>
      </PreActions>
   </ArchiveAction>
</Scheme>
