// !$*UTF8*$!
{
	archiveVersion = 1;
	classes = {
	};
	objectVersion = 46;
	objects = {

/* Begin PBXGroup section */
		E15662331CA2F1DD00E6D156 = {
			isa = PBXGroup;
			children = (
			);
			sourceTree = "<group>";
		};
/* End PBXGroup section */

/* Begin PBXProject section */
		E15662341CA2F1DD00E6D156 /* Project object */ = {
			isa = PBXProject;
			attributes = {
				LastUpgradeCheck = 0730;
			};
			buildConfigurationList = E15662371CA2F1DD00E6D156 /* Build configuration list for PBXProject "wpxmlrpc" */;
			compatibilityVersion = "Xcode 3.2";
			developmentRegion = English;
			hasScannedForEncodings = 0;
			knownRegions = (
				en,
			);
			mainGroup = E15662331CA2F1DD00E6D156;
			projectDirPath = "";
			projectRoot = "";
			targets = (
			);
		};
/* End PBXProject section */

/* Begin XCBuildConfiguration section */
		E15662381CA2F1DD00E6D156 /* Debug */ = {
			isa = XCBuildConfiguration;
			buildSettings = {
			};
			name = Debug;
		};
		E15662391CA2F1DD00E6D156 /* Release */ = {
			isa = XCBuildConfiguration;
			buildSettings = {
			};
			name = Release;
		};
/* End XCBuildConfiguration section */

/* Begin XCConfigurationList section */
		E15662371CA2F1DD00E6D156 /* Build configuration list for PBXProject "wpxmlrpc" */ = {
			isa = XCConfigurationList;
			buildConfigurations = (
				E15662381CA2F1DD00E6D156 /* Debug */,
				E15662391CA2F1DD00E6D156 /* Release */,
			);
			defaultConfigurationIsVisible = 0;
			defaultConfigurationName = Release;
		};
/* End XCConfigurationList section */
	};
	rootObject = E15662341CA2F1DD00E6D156 /* Project object */;
}
